<?xml version="1.0" encoding="utf-8"?>
<Project ToolsVersion="4.0" xmlns="http://schemas.microsoft.com/developer/msbuild/2003">
  <ItemGroup>
    <Filter Include="Исходные файлы">
      <UniqueIdentifier>{4FC737F1-C7A5-4376-A066-2A32D752A2FF}</UniqueIdentifier>
      <Extensions>cpp;c;cc;cxx;c++;def;odl;idl;hpj;bat;asm;asmx</Extensions>
    </Filter>
    <Filter Include="Файлы заголовков">
      <UniqueIdentifier>{93995380-89BD-4b04-88EB-625FBE52EBFB}</UniqueIdentifier>
      <Extensions>h;hh;hpp;hxx;h++;hm;inl;inc;ipp;xsd</Extensions>
    </Filter>
    <Filter Include="Файлы ресурсов">
      <UniqueIdentifier>{67DA6AB6-F800-4c08-8B7A-83BB121AAD01}</UniqueIdentifier>
      <Extensions>rc;ico;cur;bmp;dlg;rc2;rct;bin;rgs;gif;jpg;jpeg;jpe;resx;tiff;tif;png;wav;mfcribbon-ms</Extensions>
    </Filter>
    <Filter Include="Файлы заголовков\Server">
      <UniqueIdentifier>{ede25935-27a7-4c90-990f-5ee75070ad4d}</UniqueIdentifier>
    </Filter>
    <Filter Include="Исходные файлы\Server">
      <UniqueIdentifier>{f33c8a35-e258-4073-88db-ee0b89d1b035}</UniqueIdentifier>
    </Filter>
    <Filter Include="Исходные файлы\Files">
      <UniqueIdentifier>{8413269d-5bfa-40c5-9722-103780c782ee}</UniqueIdentifier>
    </Filter>
    <Filter Include="Файлы заголовков\Files">
      <UniqueIdentifier>{289196be-4118-4d71-8b96-0c1c06934932}</UniqueIdentifier>
    </Filter>
    <Filter Include="Файлы заголовков\Crypto">
      <UniqueIdentifier>{4ce701ea-1642-474d-8070-1336896867bf}</UniqueIdentifier>
    </Filter>
    <Filter Include="Исходные файлы\Crypto">
      <UniqueIdentifier>{14e44750-4ab1-4627-b13c-aa5aae6db210}</UniqueIdentifier>
    </Filter>
  </ItemGroup>
  <ItemGroup>
    <ClCompile Include="main.cpp">
      <Filter>Исходные файлы</Filter>
    </ClCompile>
    <ClCompile Include="Server\Server.cpp">
      <Filter>Исходные файлы\Server</Filter>
    </ClCompile>
    <ClCompile Include="Files\FileWorker.cpp">
      <Filter>Исходные файлы\Files</Filter>
    </ClCompile>
    <ClCompile Include="Crypto\EVP.cpp">
      <Filter>Исходные файлы\Crypto</Filter>
    </ClCompile>
  </ItemGroup>
  <ItemGroup>
    <ClInclude Include="Server\IServer.hpp">
      <Filter>Файлы заголовков\Server</Filter>
    </ClInclude>
    <ClInclude Include="Server\Server.hpp">
      <Filter>Файлы заголовков\Server</Filter>
    </ClInclude>
    <ClInclude Include="Files\FileWorker.hpp">
      <Filter>Файлы заголовков\Files</Filter>
    </ClInclude>
    <ClInclude Include="Files\IFileWorker.hpp">
      <Filter>Файлы заголовков\Files</Filter>
    </ClInclude>
    <ClInclude Include="Crypto\EVP.hpp">
      <Filter>Файлы заголовков\Crypto</Filter>
    </ClInclude>
    <ClInclude Include="Crypto\IEncoder.hpp">
      <Filter>Файлы заголовков\Crypto</Filter>
    </ClInclude>
  </ItemGroup>
  <ItemGroup>
    <None Include="packages.config" />
  </ItemGroup>
</Project>